
Microsoft Visual Studio Solution File, Format Version 12.00
# Visual Studio Version 16
VisualStudioVersion = 16.0.29424.173
MinimumVisualStudioVersion = 10.0.40219.1
Project("{9A19103F-16F7-4668-BE54-9A1E7A4F7556}") = "DonVo.WebMVC", "DonVo.WebMVC\DonVo.WebMVC.csproj", "{5D5E0F7C-F1B1-4EF7-ACB7-10F75D2707B7}"
EndProject
Project("{9A19103F-16F7-4668-BE54-9A1E7A4F7556}") = "DonVo.IdentityJwtBearer", "DonVo.IdentityJwtBearer\DonVo.IdentityJwtBearer.csproj", "{69BF7E35-ECB6-42A9-8E91-11653221B9D4}"
EndProject
Project("{9A19103F-16F7-4668-BE54-9A1E7A4F7556}") = "DonVo.SpecialConfigurations", "DonVo.SpecialConfigurations\DonVo.SpecialConfigurations.csproj", "{7A0F3354-47F2-4334-92E1-944E7F84F628}"
EndProject
Project("{9A19103F-16F7-4668-BE54-9A1E7A4F7556}") = "DonVo.DI", "DonVo.DI\DonVo.DI.csproj", "{934DD0A8-F897-4DBC-B07E-8B11C8762BC9}"
EndProject
Project("{9A19103F-16F7-4668-BE54-9A1E7A4F7556}") = "DonVo.Persistences", "DonVo.Persistences\DonVo.Persistences.csproj", "{DD374DC8-65DA-40E7-9313-EB625F1D3746}"
EndProject
Project("{9A19103F-16F7-4668-BE54-9A1E7A4F7556}") = "DonVo.ViewModels", "DonVo.ViewModels\DonVo.ViewModels.csproj", "{0DC59619-2C5C-4B97-B2E8-58D99E1DEB96}"
EndProject
Project("{9A19103F-16F7-4668-BE54-9A1E7A4F7556}") = "DonVo.Services", "DonVo.Services\DonVo.Services.csproj", "{FD390878-6D0F-40C9-A145-DBB498D5DF5F}"
EndProject
Project("{9A19103F-16F7-4668-BE54-9A1E7A4F7556}") = "DonVo.DataAnalysis.ServiceStack", "DonVo.DataAnalysis.ServiceStack\DonVo.DataAnalysis.ServiceStack.csproj", "{D9AB17E6-A177-43A2-AF67-1393C7F73D11}"
EndProject
Project("{9A19103F-16F7-4668-BE54-9A1E7A4F7556}") = "DonVo.CreateDBFirstEFCore", "DonVo.CreateDBFirstEFCore\DonVo.CreateDBFirstEFCore.csproj", "{6617FF09-15B4-443F-97D2-D6334A330D31}"
EndProject
Project("{9A19103F-16F7-4668-BE54-9A1E7A4F7556}") = "DonVo.SystemAudit", "DonVo.SystemAudit\DonVo.SystemAudit.csproj", "{D7F95CA4-EFDE-43F3-AA91-84240A77C255}"
EndProject
Project("{2150E333-8FDC-42A3-9474-1A3956D46DE8}") = "src", "src", "{895F100B-0713-401D-96CA-E8D0EE575F4E}"
	ProjectSection(SolutionItems) = preProject
		CodeMap-Architecture.dgml = CodeMap-Architecture.dgml
	EndProjectSection
EndProject
Project("{9A19103F-16F7-4668-BE54-9A1E7A4F7556}") = "DonVo.WebAPI.WithSwagger", "DonVo.WebAPI.WithSwagger\DonVo.WebAPI.WithSwagger.csproj", "{FF4572AF-0524-46FD-8BA2-0253111C1A20}"
EndProject
Project("{9A19103F-16F7-4668-BE54-9A1E7A4F7556}") = "DonVo.MachineLearning.ConsoleApp", "DonVo.MachineLearning.ConsoleApp\DonVo.MachineLearning.ConsoleApp.csproj", "{6940EB1C-9823-46E5-91C3-C1F321C56763}"
EndProject
Project("{9A19103F-16F7-4668-BE54-9A1E7A4F7556}") = "DonVo.MLNet", "DonVo.MLNet\DonVo.MLNet.csproj", "{B475AAF6-5540-496F-A83C-0E4DC905A569}"
EndProject
Project("{FAE04EC0-301F-11D3-BF4B-00C04F79EFBC}") = "DonVo.nUnitTests", "DonVo.nUnitTests\DonVo.nUnitTests.csproj", "{2DC2D359-6E12-4C1B-95C5-86EBA743255E}"
EndProject
Global
	GlobalSection(SolutionConfigurationPlatforms) = preSolution
		Debug|Any CPU = Debug|Any CPU
		Release|Any CPU = Release|Any CPU
	EndGlobalSection
	GlobalSection(ProjectConfigurationPlatforms) = postSolution
		{5D5E0F7C-F1B1-4EF7-ACB7-10F75D2707B7}.Debug|Any CPU.ActiveCfg = Debug|Any CPU
		{5D5E0F7C-F1B1-4EF7-ACB7-10F75D2707B7}.Debug|Any CPU.Build.0 = Debug|Any CPU
		{5D5E0F7C-F1B1-4EF7-ACB7-10F75D2707B7}.Release|Any CPU.ActiveCfg = Release|Any CPU
		{5D5E0F7C-F1B1-4EF7-ACB7-10F75D2707B7}.Release|Any CPU.Build.0 = Release|Any CPU
		{69BF7E35-ECB6-42A9-8E91-11653221B9D4}.Debug|Any CPU.ActiveCfg = Debug|Any CPU
		{69BF7E35-ECB6-42A9-8E91-11653221B9D4}.Debug|Any CPU.Build.0 = Debug|Any CPU
		{69BF7E35-ECB6-42A9-8E91-11653221B9D4}.Release|Any CPU.ActiveCfg = Release|Any CPU
		{69BF7E35-ECB6-42A9-8E91-11653221B9D4}.Release|Any CPU.Build.0 = Release|Any CPU
		{7A0F3354-47F2-4334-92E1-944E7F84F628}.Debug|Any CPU.ActiveCfg = Debug|Any CPU
		{7A0F3354-47F2-4334-92E1-944E7F84F628}.Debug|Any CPU.Build.0 = Debug|Any CPU
		{7A0F3354-47F2-4334-92E1-944E7F84F628}.Release|Any CPU.ActiveCfg = Release|Any CPU
		{7A0F3354-47F2-4334-92E1-944E7F84F628}.Release|Any CPU.Build.0 = Release|Any CPU
		{934DD0A8-F897-4DBC-B07E-8B11C8762BC9}.Debug|Any CPU.ActiveCfg = Debug|Any CPU
		{934DD0A8-F897-4DBC-B07E-8B11C8762BC9}.Debug|Any CPU.Build.0 = Debug|Any CPU
		{934DD0A8-F897-4DBC-B07E-8B11C8762BC9}.Release|Any CPU.ActiveCfg = Release|Any CPU
		{934DD0A8-F897-4DBC-B07E-8B11C8762BC9}.Release|Any CPU.Build.0 = Release|Any CPU
		{DD374DC8-65DA-40E7-9313-EB625F1D3746}.Debug|Any CPU.ActiveCfg = Debug|Any CPU
		{DD374DC8-65DA-40E7-9313-EB625F1D3746}.Debug|Any CPU.Build.0 = Debug|Any CPU
		{DD374DC8-65DA-40E7-9313-EB625F1D3746}.Release|Any CPU.ActiveCfg = Release|Any CPU
		{DD374DC8-65DA-40E7-9313-EB625F1D3746}.Release|Any CPU.Build.0 = Release|Any CPU
		{0DC59619-2C5C-4B97-B2E8-58D99E1DEB96}.Debug|Any CPU.ActiveCfg = Debug|Any CPU
		{0DC59619-2C5C-4B97-B2E8-58D99E1DEB96}.Debug|Any CPU.Build.0 = Debug|Any CPU
		{0DC59619-2C5C-4B97-B2E8-58D99E1DEB96}.Release|Any CPU.ActiveCfg = Release|Any CPU
		{0DC59619-2C5C-4B97-B2E8-58D99E1DEB96}.Release|Any CPU.Build.0 = Release|Any CPU
		{FD390878-6D0F-40C9-A145-DBB498D5DF5F}.Debug|Any CPU.ActiveCfg = Debug|Any CPU
		{FD390878-6D0F-40C9-A145-DBB498D5DF5F}.Debug|Any CPU.Build.0 = Debug|Any CPU
		{FD390878-6D0F-40C9-A145-DBB498D5DF5F}.Release|Any CPU.ActiveCfg = Release|Any CPU
		{FD390878-6D0F-40C9-A145-DBB498D5DF5F}.Release|Any CPU.Build.0 = Release|Any CPU
		{D9AB17E6-A177-43A2-AF67-1393C7F73D11}.Debug|Any CPU.ActiveCfg = Debug|Any CPU
		{D9AB17E6-A177-43A2-AF67-1393C7F73D11}.Debug|Any CPU.Build.0 = Debug|Any CPU
		{D9AB17E6-A177-43A2-AF67-1393C7F73D11}.Release|Any CPU.ActiveCfg = Release|Any CPU
		{D9AB17E6-A177-43A2-AF67-1393C7F73D11}.Release|Any CPU.Build.0 = Release|Any CPU
		{6617FF09-15B4-443F-97D2-D6334A330D31}.Debug|Any CPU.ActiveCfg = Debug|Any CPU
		{6617FF09-15B4-443F-97D2-D6334A330D31}.Debug|Any CPU.Build.0 = Debug|Any CPU
		{6617FF09-15B4-443F-97D2-D6334A330D31}.Release|Any CPU.ActiveCfg = Release|Any CPU
		{6617FF09-15B4-443F-97D2-D6334A330D31}.Release|Any CPU.Build.0 = Release|Any CPU
		{D7F95CA4-EFDE-43F3-AA91-84240A77C255}.Debug|Any CPU.ActiveCfg = Debug|Any CPU
		{D7F95CA4-EFDE-43F3-AA91-84240A77C255}.Debug|Any CPU.Build.0 = Debug|Any CPU
		{D7F95CA4-EFDE-43F3-AA91-84240A77C255}.Release|Any CPU.ActiveCfg = Release|Any CPU
		{D7F95CA4-EFDE-43F3-AA91-84240A77C255}.Release|Any CPU.Build.0 = Release|Any CPU
		{FF4572AF-0524-46FD-8BA2-0253111C1A20}.Debug|Any CPU.ActiveCfg = Debug|Any CPU
		{FF4572AF-0524-46FD-8BA2-0253111C1A20}.Debug|Any CPU.Build.0 = Debug|Any CPU
		{FF4572AF-0524-46FD-8BA2-0253111C1A20}.Release|Any CPU.ActiveCfg = Release|Any CPU
		{FF4572AF-0524-46FD-8BA2-0253111C1A20}.Release|Any CPU.Build.0 = Release|Any CPU
		{6940EB1C-9823-46E5-91C3-C1F321C56763}.Debug|Any CPU.ActiveCfg = Debug|Any CPU
		{6940EB1C-9823-46E5-91C3-C1F321C56763}.Debug|Any CPU.Build.0 = Debug|Any CPU
		{6940EB1C-9823-46E5-91C3-C1F321C56763}.Release|Any CPU.ActiveCfg = Release|Any CPU
		{6940EB1C-9823-46E5-91C3-C1F321C56763}.Release|Any CPU.Build.0 = Release|Any CPU
		{B475AAF6-5540-496F-A83C-0E4DC905A569}.Debug|Any CPU.ActiveCfg = Debug|Any CPU
		{B475AAF6-5540-496F-A83C-0E4DC905A569}.Debug|Any CPU.Build.0 = Debug|Any CPU
		{B475AAF6-5540-496F-A83C-0E4DC905A569}.Release|Any CPU.ActiveCfg = Release|Any CPU
		{B475AAF6-5540-496F-A83C-0E4DC905A569}.Release|Any CPU.Build.0 = Release|Any CPU
		{2DC2D359-6E12-4C1B-95C5-86EBA743255E}.Debug|Any CPU.ActiveCfg = Debug|Any CPU
		{2DC2D359-6E12-4C1B-95C5-86EBA743255E}.Debug|Any CPU.Build.0 = Debug|Any CPU
		{2DC2D359-6E12-4C1B-95C5-86EBA743255E}.Release|Any CPU.ActiveCfg = Release|Any CPU
		{2DC2D359-6E12-4C1B-95C5-86EBA743255E}.Release|Any CPU.Build.0 = Release|Any CPU
	EndGlobalSection
	GlobalSection(SolutionProperties) = preSolution
		HideSolutionNode = FALSE
	EndGlobalSection
	GlobalSection(NestedProjects) = preSolution
		{5D5E0F7C-F1B1-4EF7-ACB7-10F75D2707B7} = {895F100B-0713-401D-96CA-E8D0EE575F4E}
		{69BF7E35-ECB6-42A9-8E91-11653221B9D4} = {895F100B-0713-401D-96CA-E8D0EE575F4E}
		{7A0F3354-47F2-4334-92E1-944E7F84F628} = {895F100B-0713-401D-96CA-E8D0EE575F4E}
		{934DD0A8-F897-4DBC-B07E-8B11C8762BC9} = {895F100B-0713-401D-96CA-E8D0EE575F4E}
		{DD374DC8-65DA-40E7-9313-EB625F1D3746} = {895F100B-0713-401D-96CA-E8D0EE575F4E}
		{0DC59619-2C5C-4B97-B2E8-58D99E1DEB96} = {895F100B-0713-401D-96CA-E8D0EE575F4E}
		{FD390878-6D0F-40C9-A145-DBB498D5DF5F} = {895F100B-0713-401D-96CA-E8D0EE575F4E}
		{D9AB17E6-A177-43A2-AF67-1393C7F73D11} = {895F100B-0713-401D-96CA-E8D0EE575F4E}
		{6617FF09-15B4-443F-97D2-D6334A330D31} = {895F100B-0713-401D-96CA-E8D0EE575F4E}
		{D7F95CA4-EFDE-43F3-AA91-84240A77C255} = {895F100B-0713-401D-96CA-E8D0EE575F4E}
		{FF4572AF-0524-46FD-8BA2-0253111C1A20} = {895F100B-0713-401D-96CA-E8D0EE575F4E}
		{6940EB1C-9823-46E5-91C3-C1F321C56763} = {895F100B-0713-401D-96CA-E8D0EE575F4E}
		{B475AAF6-5540-496F-A83C-0E4DC905A569} = {895F100B-0713-401D-96CA-E8D0EE575F4E}
		{2DC2D359-6E12-4C1B-95C5-86EBA743255E} = {895F100B-0713-401D-96CA-E8D0EE575F4E}
	EndGlobalSection
	GlobalSection(ExtensibilityGlobals) = postSolution
		SolutionGuid = {BF4EE341-FAB2-4639-8B37-42924B653695}
	EndGlobalSection
EndGlobal
